
Microsoft Visual Studio Solution File, Format Version 12.00
Project("{FAE04EC0-301F-11D3-BF4B-00C04F79EFBC}") = "AzureMigrateDataExtractor", "AzureMigrateDataExtractor.csproj", "{7A1E0FE0-FDBA-42E5-88D6-FD46365F632F}"
EndProject
Project("{2150E333-8FDC-42A3-9474-1A3956D46DE8}") = "SolutionFolder", "SolutionFolder", "{7A80DF3C-2183-4B08-9DEA-372EAF86C049}"
	ProjectSection(SolutionItems) = preProject
		..\.github\workflows\build.yaml = ..\.github\workflows\build.yaml
		..\GitVersion.yml = ..\GitVersion.yml
		..\readme.md = ..\readme.md
	EndProjectSection
EndProject
Global
	GlobalSection(SolutionConfigurationPlatforms) = preSolution
		Debug|Any CPU = Debug|Any CPU
		Release|Any CPU = Release|Any CPU
	EndGlobalSection
	GlobalSection(ProjectConfigurationPlatforms) = postSolution
		{7A1E0FE0-FDBA-42E5-88D6-FD46365F632F}.Debug|Any CPU.ActiveCfg = Debug|Any CPU
		{7A1E0FE0-FDBA-42E5-88D6-FD46365F632F}.Debug|Any CPU.Build.0 = Debug|Any CPU
		{7A1E0FE0-FDBA-42E5-88D6-FD46365F632F}.Release|Any CPU.ActiveCfg = Release|Any CPU
		{7A1E0FE0-FDBA-42E5-88D6-FD46365F632F}.Release|Any CPU.Build.0 = Release|Any CPU
	EndGlobalSection
EndGlobal
